
Microsoft Visual Studio Solution File, Format Version 12.00
# Visual Studio 15
VisualStudioVersion = 15.0.28307.1800
MinimumVisualStudioVersion = 10.0.40219.1
Project("{FAE04EC0-301F-11D3-BF4B-00C04F79EFBC}") = "fei", "fei\fei.csproj", "{0CF4F321-1CDC-409B-8B01-B3C661FEFA34}"
EndProject
Global
	GlobalSection(SolutionConfigurationPlatforms) = preSolution
		Debug|Any CPU = Debug|Any CPU
		Release|Any CPU = Release|Any CPU
	EndGlobalSection
	GlobalSection(ProjectConfigurationPlatforms) = postSolution
		{0CF4F321-1CDC-409B-8B01-B3C661FEFA34}.Debug|Any CPU.ActiveCfg = Debug|Any CPU
		{0CF4F321-1CDC-409B-8B01-B3C661FEFA34}.Debug|Any CPU.Build.0 = Debug|Any CPU
		{0CF4F321-1CDC-409B-8B01-B3C661FEFA34}.Release|Any CPU.ActiveCfg = Release|Any CPU
		{0CF4F321-1CDC-409B-8B01-B3C661FEFA34}.Release|Any CPU.Build.0 = Release|Any CPU
	EndGlobalSection
	GlobalSection(SolutionProperties) = preSolution
		HideSolutionNode = FALSE
	EndGlobalSection
	GlobalSection(ExtensibilityGlobals) = postSolution
		SolutionGuid = {CC505609-0F30-461E-B785-BAD694C3B7D3}
	EndGlobalSection
EndGlobal
